PODS:
  - NavigationView (1.1.1)
  - SnapKit (5.6.0)

DEPENDENCIES:
  - NavigationView (from `../`)
  - SnapKit

SPEC REPOS:
  trunk:
    - SnapKit

EXTERNAL SOURCES:
  NavigationView:
    :path: "../"

SPEC CHECKSUMS:
  NavigationView: 56e71525f32c93fe8c9bbe1ebd260d0336d961ca
  SnapKit: e01d52ebb8ddbc333eefe2132acf85c8227d9c25

PODFILE CHECKSUM: 243ae129a6e4c9bb01c35bd64f295936aecde73d

COCOAPODS: 1.12.1
